// !$*UTF8*$!
{
	archiveVersion = 1;
	classes = {
	};
	objectVersion = 50;
	objects = {

/* Begin PBXBuildFile section */
		185C3AD1251760CE00F72E56 /* WorkAnalysisViewController.swift in Sources */ = {isa = PBXBuildFile; fileRef = 185C3AD0251760CE00F72E56 /* WorkAnalysisViewController.swift */; };
		6D0A8E672512045800EA5425 /* WorkAnalysisDetailViewController.swift in Sources */ = {isa = PBXBuildFile; fileRef = 6D0A8E662512045800EA5425 /* WorkAnalysisDetailViewController.swift */; };
		6D0A8E6B2512071D00EA5425 /* SubjectsCollectionViewController.swift in Sources */ = {isa = PBXBuildFile; fileRef = 6D0A8E6A2512071D00EA5425 /* SubjectsCollectionViewController.swift */; };
		6D0A8E6D251208E100EA5425 /* SubjectsCollectionViewCell.swift in Sources */ = {isa = PBXBuildFile; fileRef = 6D0A8E6C251208E100EA5425 /* SubjectsCollectionViewCell.swift */; };
		6D1971762514C78300A5D039 /* SettingsDetailViewController.swift in Sources */ = {isa = PBXBuildFile; fileRef = 6D1971752514C78300A5D039 /* SettingsDetailViewController.swift */; };
		6D3276282517058400C7EADC /* Subject.swift in Sources */ = {isa = PBXBuildFile; fileRef = 6D3276272517058400C7EADC /* Subject.swift */; };
		6D32762A25170BAB00C7EADC /* SubjectDetailTableViewController.swift in Sources */ = {isa = PBXBuildFile; fileRef = 6D32762925170BAB00C7EADC /* SubjectDetailTableViewController.swift */; };
		6D32762C25172EDA00C7EADC /* SubjectDetailTableViewCell.swift in Sources */ = {isa = PBXBuildFile; fileRef = 6D32762B25172EDA00C7EADC /* SubjectDetailTableViewCell.swift */; };
		6DFB52E52509B2A100F35239 /* AppDelegate.swift in Sources */ = {isa = PBXBuildFile; fileRef = 6DFB52E42509B2A100F35239 /* AppDelegate.swift */; };
		6DFB52E72509B2A100F35239 /* SceneDelegate.swift in Sources */ = {isa = PBXBuildFile; fileRef = 6DFB52E62509B2A100F35239 /* SceneDelegate.swift */; };
		6DFB52E92509B2A100F35239 /* ProfileDetailViewController.swift in Sources */ = {isa = PBXBuildFile; fileRef = 6DFB52E82509B2A100F35239 /* ProfileDetailViewController.swift */; };
		6DFB52EC2509B2A100F35239 /* Main.storyboard in Resources */ = {isa = PBXBuildFile; fileRef = 6DFB52EA2509B2A100F35239 /* Main.storyboard */; };
		6DFB52EE2509B2A400F35239 /* Assets.xcassets in Resources */ = {isa = PBXBuildFile; fileRef = 6DFB52ED2509B2A400F35239 /* Assets.xcassets */; };
		6DFB52F12509B2A400F35239 /* LaunchScreen.storyboard in Resources */ = {isa = PBXBuildFile; fileRef = 6DFB52EF2509B2A400F35239 /* LaunchScreen.storyboard */; };
/* End PBXBuildFile section */

/* Begin PBXFileReference section */
		185C3AD0251760CE00F72E56 /* WorkAnalysisViewController.swift */ = {isa = PBXFileReference; lastKnownFileType = sourcecode.swift; path = WorkAnalysisViewController.swift; sourceTree = "<group>"; };
		6D0A8E662512045800EA5425 /* WorkAnalysisDetailViewController.swift */ = {isa = PBXFileReference; lastKnownFileType = sourcecode.swift; path = WorkAnalysisDetailViewController.swift; sourceTree = "<group>"; };
		6D0A8E6A2512071D00EA5425 /* SubjectsCollectionViewController.swift */ = {isa = PBXFileReference; lastKnownFileType = sourcecode.swift; path = SubjectsCollectionViewController.swift; sourceTree = "<group>"; usesTabs = 0; };
		6D0A8E6C251208E100EA5425 /* SubjectsCollectionViewCell.swift */ = {isa = PBXFileReference; lastKnownFileType = sourcecode.swift; path = SubjectsCollectionViewCell.swift; sourceTree = "<group>"; };
		6D1971752514C78300A5D039 /* SettingsDetailViewController.swift */ = {isa = PBXFileReference; lastKnownFileType = sourcecode.swift; path = SettingsDetailViewController.swift; sourceTree = "<group>"; };
		6D3276272517058400C7EADC /* Subject.swift */ = {isa = PBXFileReference; lastKnownFileType = sourcecode.swift; path = Subject.swift; sourceTree = SOURCE_ROOT; };
		6D32762925170BAB00C7EADC /* SubjectDetailTableViewController.swift */ = {isa = PBXFileReference; lastKnownFileType = sourcecode.swift; path = SubjectDetailTableViewController.swift; sourceTree = SOURCE_ROOT; };
		6D32762B25172EDA00C7EADC /* SubjectDetailTableViewCell.swift */ = {isa = PBXFileReference; lastKnownFileType = sourcecode.swift; path = SubjectDetailTableViewCell.swift; sourceTree = "<group>"; };
		6DFB52E12509B2A100F35239 /* Learnr.app */ = {isa = PBXFileReference; explicitFileType = wrapper.application; includeInIndex = 0; path = Learnr.app; sourceTree = BUILT_PRODUCTS_DIR; };
		6DFB52E42509B2A100F35239 /* AppDelegate.swift */ = {isa = PBXFileReference; lastKnownFileType = sourcecode.swift; path = AppDelegate.swift; sourceTree = "<group>"; };
		6DFB52E62509B2A100F35239 /* SceneDelegate.swift */ = {isa = PBXFileReference; lastKnownFileType = sourcecode.swift; path = SceneDelegate.swift; sourceTree = "<group>"; };
		6DFB52E82509B2A100F35239 /* ProfileDetailViewController.swift */ = {isa = PBXFileReference; lastKnownFileType = sourcecode.swift; path = ProfileDetailViewController.swift; sourceTree = "<group>"; };
		6DFB52EB2509B2A100F35239 /* Base */ = {isa = PBXFileReference; lastKnownFileType = file.storyboard; name = Base; path = Base.lproj/Main.storyboard; sourceTree = "<group>"; };
		6DFB52ED2509B2A400F35239 /* Assets.xcassets */ = {isa = PBXFileReference; lastKnownFileType = folder.assetcatalog; path = Assets.xcassets; sourceTree = "<group>"; };
		6DFB52F02509B2A400F35239 /* Base */ = {isa = PBXFileReference; lastKnownFileType = file.storyboard; name = Base; path = Base.lproj/LaunchScreen.storyboard; sourceTree = "<group>"; };
		6DFB52F22509B2A400F35239 /* Info.plist */ = {isa = PBXFileReference; lastKnownFileType = text.plist.xml; path = Info.plist; sourceTree = "<group>"; };
/* End PBXFileReference section */

/* Begin PBXFrameworksBuildPhase section */
		6DFB52DE2509B2A100F35239 /* Frameworks */ = {
			isa = PBXFrameworksBuildPhase;
			buildActionMask = 2147483647;
			files = (
			);
			runOnlyForDeploymentPostprocessing = 0;
		};
/* End PBXFrameworksBuildPhase section */

/* Begin PBXGroup section */
		6DFB52D82509B2A100F35239 = {
			isa = PBXGroup;
			children = (
				6DFB52E32509B2A100F35239 /* Learnr */,
				6DFB52E22509B2A100F35239 /* Products */,
			);
			sourceTree = "<group>";
		};
		6DFB52E22509B2A100F35239 /* Products */ = {
			isa = PBXGroup;
			children = (
				6DFB52E12509B2A100F35239 /* Learnr.app */,
			);
			name = Products;
			sourceTree = "<group>";
		};
		6DFB52E32509B2A100F35239 /* Learnr */ = {
			isa = PBXGroup;
			children = (
				6D32762B25172EDA00C7EADC /* SubjectDetailTableViewCell.swift */,
				6D32762925170BAB00C7EADC /* SubjectDetailTableViewController.swift */,
				6D3276272517058400C7EADC /* Subject.swift */,
				6D0A8E662512045800EA5425 /* WorkAnalysisDetailViewController.swift */,
				6D0A8E6A2512071D00EA5425 /* SubjectsCollectionViewController.swift */,
				6D0A8E6C251208E100EA5425 /* SubjectsCollectionViewCell.swift */,
				185C3AD0251760CE00F72E56 /* WorkAnalysisViewController.swift */,
				6DFB52E42509B2A100F35239 /* AppDelegate.swift */,
				6DFB52E62509B2A100F35239 /* SceneDelegate.swift */,
				6DFB52E82509B2A100F35239 /* ProfileDetailViewController.swift */,
				6DFB52EA2509B2A100F35239 /* Main.storyboard */,
				6D1971752514C78300A5D039 /* SettingsDetailViewController.swift */,
				6DFB52ED2509B2A400F35239 /* Assets.xcassets */,
				6DFB52EF2509B2A400F35239 /* LaunchScreen.storyboard */,
				6DFB52F22509B2A400F35239 /* Info.plist */,
			);
			path = Learnr;
			sourceTree = "<group>";
		};
/* End PBXGroup section */

/* Begin PBXNativeTarget section */
		6DFB52E02509B2A100F35239 /* Learnr */ = {
			isa = PBXNativeTarget;
			buildConfigurationList = 6DFB52F52509B2A400F35239 /* Build configuration list for PBXNativeTarget "Learnr" */;
			buildPhases = (
				6DFB52DD2509B2A100F35239 /* Sources */,
				6DFB52DE2509B2A100F35239 /* Frameworks */,
				6DFB52DF2509B2A100F35239 /* Resources */,
			);
			buildRules = (
			);
			dependencies = (
			);
			name = Learnr;
			productName = Learnr;
			productReference = 6DFB52E12509B2A100F35239 /* Learnr.app */;
			productType = "com.apple.product-type.application";
		};
/* End PBXNativeTarget section */

/* Begin PBXProject section */
		6DFB52D92509B2A100F35239 /* Project object */ = {
			isa = PBXProject;
			attributes = {
				LastSwiftUpdateCheck = 1170;
				LastUpgradeCheck = 1170;
				ORGANIZATIONNAME = Techiaki;
				TargetAttributes = {
					6DFB52E02509B2A100F35239 = {
						CreatedOnToolsVersion = 11.7;
					};
				};
			};
			buildConfigurationList = 6DFB52DC2509B2A100F35239 /* Build configuration list for PBXProject "Learnr" */;
			compatibilityVersion = "Xcode 9.3";
			developmentRegion = en;
			hasScannedForEncodings = 0;
			knownRegions = (
				en,
				Base,
			);
			mainGroup = 6DFB52D82509B2A100F35239;
			productRefGroup = 6DFB52E22509B2A100F35239 /* Products */;
			projectDirPath = "";
			projectRoot = "";
			targets = (
				6DFB52E02509B2A100F35239 /* Learnr */,
			);
		};
/* End PBXProject section */

/* Begin PBXResourcesBuildPhase section */
		6DFB52DF2509B2A100F35239 /* Resources */ = {
			isa = PBXResourcesBuildPhase;
			buildActionMask = 2147483647;
			files = (
				6DFB52F12509B2A400F35239 /* LaunchScreen.storyboard in Resources */,
				6DFB52EE2509B2A400F35239 /* Assets.xcassets in Resources */,
				6DFB52EC2509B2A100F35239 /* Main.storyboard in Resources */,
			);
			runOnlyForDeploymentPostprocessing = 0;
		};
/* End PBXResourcesBuildPhase section */

/* Begin PBXSourcesBuildPhase section */
		6DFB52DD2509B2A100F35239 /* Sources */ = {
			isa = PBXSourcesBuildPhase;
			buildActionMask = 2147483647;
			files = (
				6D32762C25172EDA00C7EADC /* SubjectDetailTableViewCell.swift in Sources */,
				6D1971762514C78300A5D039 /* SettingsDetailViewController.swift in Sources */,
				6DFB52E92509B2A100F35239 /* ProfileDetailViewController.swift in Sources */,
				6D0A8E6D251208E100EA5425 /* SubjectsCollectionViewCell.swift in Sources */,
				6D32762A25170BAB00C7EADC /* SubjectDetailTableViewController.swift in Sources */,
				185C3AD1251760CE00F72E56 /* WorkAnalysisViewController.swift in Sources */,
				6D0A8E672512045800EA5425 /* WorkAnalysisDetailViewController.swift in Sources */,
				6D0A8E6B2512071D00EA5425 /* SubjectsCollectionViewController.swift in Sources */,
				6DFB52E52509B2A100F35239 /* AppDelegate.swift in Sources */,
				6D3276282517058400C7EADC /* Subject.swift in Sources */,
				6DFB52E72509B2A100F35239 /* SceneDelegate.swift in Sources */,
			);
			runOnlyForDeploymentPostprocessing = 0;
		};
/* End PBXSourcesBuildPhase section */

/* Begin PBXVariantGroup section */
		6DFB52EA2509B2A100F35239 /* Main.storyboard */ = {
			isa = PBXVariantGroup;
			children = (
				6DFB52EB2509B2A100F35239 /* Base */,
			);
			name = Main.storyboard;
			sourceTree = "<group>";
		};
		6DFB52EF2509B2A400F35239 /* LaunchScreen.storyboard */ = {
			isa = PBXVariantGroup;
			children = (
				6DFB52F02509B2A400F35239 /* Base */,
			);
			name = LaunchScreen.storyboard;
			sourceTree = "<group>";
		};
/* End PBXVariantGroup section */

/* Begin XCBuildConfiguration section */
		6DFB52F32509B2A400F35239 /* Debug */ = {
			isa = XCBuildConfiguration;
			buildSettings = {
				ALWAYS_SEARCH_USER_PATHS = NO;
				CLANG_ANALYZER_NONNULL = YES;
				CLANG_ANALYZER_NUMBER_OBJECT_CONVERSION = YES_AGGRESSIVE;
				CLANG_CXX_LANGUAGE_STANDARD = "gnu++14";
				CLANG_CXX_LIBRARY = "libc++";
				CLANG_ENABLE_MODULES = YES;
				CLANG_ENABLE_OBJC_ARC = YES;
				CLANG_ENABLE_OBJC_WEAK = YES;
				CLANG_WARN_BLOCK_CAPTURE_AUTORELEASING = YES;
				CLANG_WARN_BOOL_CONVERSION = YES;
				CLANG_WARN_COMMA = YES;
				CLANG_WARN_CONSTANT_CONVERSION = YES;
				CLANG_WARN_DEPRECATED_OBJC_IMPLEMENTATIONS = YES;
				CLANG_WARN_DIRECT_OBJC_ISA_USAGE = YES_ERROR;
				CLANG_WARN_DOCUMENTATION_COMMENTS = YES;
				CLANG_WARN_EMPTY_BODY = YES;
				CLANG_WARN_ENUM_CONVERSION = YES;
				CLANG_WARN_INFINITE_RECURSION = YES;
				CLANG_WARN_INT_CONVERSION = YES;
				CLANG_WARN_NON_LITERAL_NULL_CONVERSION = YES;
				CLANG_WARN_OBJC_IMPLICIT_RETAIN_SELF = YES;
				CLANG_WARN_OBJC_LITERAL_CONVERSION = YES;
				CLANG_WARN_OBJC_ROOT_CLASS = YES_ERROR;
				CLANG_WARN_RANGE_LOOP_ANALYSIS = YES;
				CLANG_WARN_STRICT_PROTOTYPES = YES;
				CLANG_WARN_SUSPICIOUS_MOVE = YES;
				CLANG_WARN_UNGUARDED_AVAILABILITY = YES_AGGRESSIVE;
				CLANG_WARN_UNREACHABLE_CODE = YES;
				CLANG_WARN__DUPLICATE_METHOD_MATCH = YES;
				COPY_PHASE_STRIP = NO;
				DEBUG_INFORMATION_FORMAT = dwarf;
				ENABLE_STRICT_OBJC_MSGSEND = YES;
				ENABLE_TESTABILITY = YES;
				GCC_C_LANGUAGE_STANDARD = gnu11;
				GCC_DYNAMIC_NO_PIC = NO;
				GCC_NO_COMMON_BLOCKS = YES;
				GCC_OPTIMIZATION_LEVEL = 0;
				GCC_PREPROCESSOR_DEFINITIONS = (
					"DEBUG=1",
					"$(inherited)",
				);
				GCC_WARN_64_TO_32_BIT_CONVERSION = YES;
				GCC_WARN_ABOUT_RETURN_TYPE = YES_ERROR;
				GCC_WARN_UNDECLARED_SELECTOR = YES;
				GCC_WARN_UNINITIALIZED_AUTOS = YES_AGGRESSIVE;
				GCC_WARN_UNUSED_FUNCTION = YES;
				GCC_WARN_UNUSED_VARIABLE = YES;
				IPHONEOS_DEPLOYMENT_TARGET = 13.7;
				MTL_ENABLE_DEBUG_INFO = INCLUDE_SOURCE;
				MTL_FAST_MATH = YES;
				ONLY_ACTIVE_ARCH = YES;
				SDKROOT = iphoneos;
				SWIFT_ACTIVE_COMPILATION_CONDITIONS = DEBUG;
				SWIFT_OPTIMIZATION_LEVEL = "-Onone";
			};
			name = Debug;
		};
		6DFB52F42509B2A400F35239 /* Release */ = {
			isa = XCBuildConfiguration;
			buildSettings = {
				ALWAYS_SEARCH_USER_PATHS = NO;
				CLANG_ANALYZER_NONNULL = YES;
				CLANG_ANALYZER_NUMBER_OBJECT_CONVERSION = YES_AGGRESSIVE;
				CLANG_CXX_LANGUAGE_STANDARD = "gnu++14";
				CLANG_CXX_LIBRARY = "libc++";
				CLANG_ENABLE_MODULES = YES;
				CLANG_ENABLE_OBJC_ARC = YES;
				CLANG_ENABLE_OBJC_WEAK = YES;
				CLANG_WARN_BLOCK_CAPTURE_AUTORELEASING = YES;
				CLANG_WARN_BOOL_CONVERSION = YES;
				CLANG_WARN_COMMA = YES;
				CLANG_WARN_CONSTANT_CONVERSION = YES;
				CLANG_WARN_DEPRECATED_OBJC_IMPLEMENTATIONS = YES;
				CLANG_WARN_DIRECT_OBJC_ISA_USAGE = YES_ERROR;
				CLANG_WARN_DOCUMENTATION_COMMENTS = YES;
				CLANG_WARN_EMPTY_BODY = YES;
				CLANG_WARN_ENUM_CONVERSION = YES;
				CLANG_WARN_INFINITE_RECURSION = YES;
				CLANG_WARN_INT_CONVERSION = YES;
				CLANG_WARN_NON_LITERAL_NULL_CONVERSION = YES;
				CLANG_WARN_OBJC_IMPLICIT_RETAIN_SELF = YES;
				CLANG_WARN_OBJC_LITERAL_CONVERSION = YES;
				CLANG_WARN_OBJC_ROOT_CLASS = YES_ERROR;
				CLANG_WARN_RANGE_LOOP_ANALYSIS = YES;
				CLANG_WARN_STRICT_PROTOTYPES = YES;
				CLANG_WARN_SUSPICIOUS_MOVE = YES;
				CLANG_WARN_UNGUARDED_AVAILABILITY = YES_AGGRESSIVE;
				CLANG_WARN_UNREACHABLE_CODE = YES;
				CLANG_WARN__DUPLICATE_METHOD_MATCH = YES;
				COPY_PHASE_STRIP = NO;
				DEBUG_INFORMATION_FORMAT = "dwarf-with-dsym";
				ENABLE_NS_ASSERTIONS = NO;
				ENABLE_STRICT_OBJC_MSGSEND = YES;
				GCC_C_LANGUAGE_STANDARD = gnu11;
				GCC_NO_COMMON_BLOCKS = YES;
				GCC_WARN_64_TO_32_BIT_CONVERSION = YES;
				GCC_WARN_ABOUT_RETURN_TYPE = YES_ERROR;
				GCC_WARN_UNDECLARED_SELECTOR = YES;
				GCC_WARN_UNINITIALIZED_AUTOS = YES_AGGRESSIVE;
				GCC_WARN_UNUSED_FUNCTION = YES;
				GCC_WARN_UNUSED_VARIABLE = YES;
				IPHONEOS_DEPLOYMENT_TARGET = 13.7;
				MTL_ENABLE_DEBUG_INFO = NO;
				MTL_FAST_MATH = YES;
				SDKROOT = iphoneos;
				SWIFT_COMPILATION_MODE = wholemodule;
				SWIFT_OPTIMIZATION_LEVEL = "-O";
				VALIDATE_PRODUCT = YES;
			};
			name = Release;
		};
		6DFB52F62509B2A400F35239 /* Debug */ = {
			isa = XCBuildConfiguration;
			buildSettings = {
				ASSETCATALOG_COMPILER_APPICON_NAME = AppIcon;
				CODE_SIGN_STYLE = Automatic;
				INFOPLIST_FILE = Learnr/Info.plist;
				LD_RUNPATH_SEARCH_PATHS = (
					"$(inherited)",
					"@executable_path/Frameworks",
				);
				PRODUCT_BUNDLE_IDENTIFIER = Techiaki.Learnr;
				PRODUCT_NAME = "$(TARGET_NAME)";
				SWIFT_VERSION = 5.0;
				TARGETED_DEVICE_FAMILY = "1,2";
			};
			name = Debug;
		};
		6DFB52F72509B2A400F35239 /* Release */ = {
			isa = XCBuildConfiguration;
			buildSettings = {
				ASSETCATALOG_COMPILER_APPICON_NAME = AppIcon;
				CODE_SIGN_STYLE = Automatic;
				INFOPLIST_FILE = Learnr/Info.plist;
				LD_RUNPATH_SEARCH_PATHS = (
					"$(inherited)",
					"@executable_path/Frameworks",
				);
				PRODUCT_BUNDLE_IDENTIFIER = Techiaki.Learnr;
				PRODUCT_NAME = "$(TARGET_NAME)";
				SWIFT_VERSION = 5.0;
				TARGETED_DEVICE_FAMILY = "1,2";
			};
			name = Release;
		};
/* End XCBuildConfiguration section */

/* Begin XCConfigurationList section */
		6DFB52DC2509B2A100F35239 /* Build configuration list for PBXProject "Learnr" */ = {
			isa = XCConfigurationList;
			buildConfigurations = (
				6DFB52F32509B2A400F35239 /* Debug */,
				6DFB52F42509B2A400F35239 /* Release */,
			);
			defaultConfigurationIsVisible = 0;
			defaultConfigurationName = Release;
		};
		6DFB52F52509B2A400F35239 /* Build configuration list for PBXNativeTarget "Learnr" */ = {
			isa = XCConfigurationList;
			buildConfigurations = (
				6DFB52F62509B2A400F35239 /* Debug */,
				6DFB52F72509B2A400F35239 /* Release */,
			);
			defaultConfigurationIsVisible = 0;
			defaultConfigurationName = Release;
		};
/* End XCConfigurationList section */
	};
	rootObject = 6DFB52D92509B2A100F35239 /* Project object */;
}
